
Microsoft Visual Studio Solution File, Format Version 12.00
# Visual Studio Version 17
VisualStudioVersion = 17.14.36212.18
MinimumVisualStudioVersion = 10.0.40219.1
Project("{FAE04EC0-301F-11D3-BF4B-00C04F79EFBC}") = "Watr.Exchange.Core", "Watr.Exchange.Core\Watr.Exchange.Core.csproj", "{BA682DA1-9785-404D-8F1E-6C58D6912883}"
EndProject
Project("{FAE04EC0-301F-11D3-BF4B-00C04F79EFBC}") = "Watr.Exchange.Data.Core", "Watr.Exchange.Data.Core\Watr.Exchange.Data.Core.csproj", "{DB390FC7-19E7-472D-93D7-3D254CFD2743}"
EndProject
Project("{FAE04EC0-301F-11D3-BF4B-00C04F79EFBC}") = "Watr.Exchange.Data.Commands.Core", "Watr.Exchange.Data.Commands.Core\Watr.Exchange.Data.Commands.Core.csproj", "{46DF3627-7852-4318-9731-CC379CDDF918}"
EndProject
Project("{FAE04EC0-301F-11D3-BF4B-00C04F79EFBC}") = "Watr.Exchange.Data.Queries.Core", "Watr.Exchange.Data.Queries.Core\Watr.Exchange.Data.Queries.Core.csproj", "{DD8E2F46-8105-4381-BA29-413800C6F115}"
EndProject
Project("{FAE04EC0-301F-11D3-BF4B-00C04F79EFBC}") = "Watr.Exchange.Data", "Watr.Exchange.Data\Watr.Exchange.Data.csproj", "{00B9D3A3-AEA2-4C23-8211-0BAA13612C7E}"
EndProject
Project("{FAE04EC0-301F-11D3-BF4B-00C04F79EFBC}") = "Watr.Exchange.Data.Commands", "Watr.Exchange.Data.Commands\Watr.Exchange.Data.Commands.csproj", "{55378266-1BEC-4D8D-A96C-FC4CA9474638}"
EndProject
Project("{FAE04EC0-301F-11D3-BF4B-00C04F79EFBC}") = "Watr.Exchange.Data.Queries", "Watr.Exchange.Data.Queries\Watr.Exchange.Data.Queries.csproj", "{3191D9C1-3E2B-42F4-B345-EFA4AA687A66}"
EndProject
Project("{2150E333-8FDC-42A3-9474-1A3956D46DE8}") = "00 - Core", "00 - Core", "{02EA681E-C7D8-13C7-8484-4AC65E1B71E8}"
EndProject
Project("{2150E333-8FDC-42A3-9474-1A3956D46DE8}") = "01 - Data", "01 - Data", "{65D498EF-B39A-4D20-BED5-335FA8C1A668}"
EndProject
Project("{2150E333-8FDC-42A3-9474-1A3956D46DE8}") = "Commands", "Commands", "{C912B4DD-77B6-4C03-B1FF-AF1125548C0A}"
EndProject
Project("{2150E333-8FDC-42A3-9474-1A3956D46DE8}") = "Queries", "Queries", "{E69D0281-DEFA-4DE1-B955-7325A6574636}"
EndProject
Project("{2150E333-8FDC-42A3-9474-1A3956D46DE8}") = "02 - Common APIs", "02 - Common APIs", "{1E2A86F6-E651-406F-8001-1F78C32DB406}"
EndProject
Project("{2150E333-8FDC-42A3-9474-1A3956D46DE8}") = "03 - Business", "03 - Business", "{AABE964A-A2B2-487E-93F8-3DCFCBAF0AC3}"
EndProject
Project("{FAE04EC0-301F-11D3-BF4B-00C04F79EFBC}") = "Watr.Exchange.Business.Core", "Watr.Exchange.Business.Core\Watr.Exchange.Business.Core.csproj", "{C555EC28-02D9-449C-B8E7-F140CF20230F}"
EndProject
Project("{FAE04EC0-301F-11D3-BF4B-00C04F79EFBC}") = "Watr.Exchange.Business", "Watr.Exchange.Business\Watr.Exchange.Business.csproj", "{1DEFE97E-F58F-4F17-97A1-05513ADCB70D}"
EndProject
Project("{2150E333-8FDC-42A3-9474-1A3956D46DE8}") = "05 - Server", "05 - Server", "{5F8A00FF-1D78-4A54-8942-59C2B6A3CBC9}"
EndProject
Project("{2150E333-8FDC-42A3-9474-1A3956D46DE8}") = "06 - Client", "06 - Client", "{FA018DE0-7E23-40B0-BE58-57D4BC897188}"
EndProject
Project("{2150E333-8FDC-42A3-9474-1A3956D46DE8}") = "04 - ViewModel", "04 - ViewModel", "{4D88A923-2924-4181-9819-BD1C00B2276B}"
EndProject
Project("{FAE04EC0-301F-11D3-BF4B-00C04F79EFBC}") = "Watr.Exchange.ViewModels", "Watr.Exchange.ViewModels\Watr.Exchange.ViewModels.csproj", "{3A8A078B-E8C6-437E-B641-B47AF9B3A8B1}"
EndProject
Project("{FAE04EC0-301F-11D3-BF4B-00C04F79EFBC}") = "Watr.Exchange.Web.REST", "Watr.Exchange.Web.REST\Watr.Exchange.Web.REST.csproj", "{BE965737-8B99-485E-AD3B-300450349E09}"
EndProject
Project("{FAE04EC0-301F-11D3-BF4B-00C04F79EFBC}") = "Watr.Exchange.Web", "Watr.Exchange.Web\Watr.Exchange.Web.csproj", "{1694B96E-B52C-4DE3-8E2A-84C1AF7BA74D}"
EndProject
Project("{FAE04EC0-301F-11D3-BF4B-00C04F79EFBC}") = "Watr.Exchange.Business.Proxy", "Watr.Exchange.Business.Proxy\Watr.Exchange.Business.Proxy.csproj", "{99CAA1E2-CC36-4ADB-AA1B-09BE7C2F4671}"
EndProject
Project("{FAE04EC0-301F-11D3-BF4B-00C04F79EFBC}") = "Watr.Exchange.Client.MAUI", "Watr.Exchange.Client.MAUI\Watr.Exchange.Client.MAUI.csproj", "{2D81D701-8865-4BDB-8145-8FDEA8518E9E}"
EndProject
Project("{FAE04EC0-301F-11D3-BF4B-00C04F79EFBC}") = "Watr.Exchange.Security.Core", "Watr.Exchange.Security.Core\Watr.Exchange.Security.Core.csproj", "{C7BA6C23-BC26-4169-ABBB-53CA5A19C3DE}"
EndProject
Project("{FAE04EC0-301F-11D3-BF4B-00C04F79EFBC}") = "Watr.Exchange.Security", "Watr.Exchange.Security\Watr.Exchange.Security.csproj", "{D58D4047-3F32-44D4-AB04-9DBEF1436AD7}"
EndProject
Project("{FAE04EC0-301F-11D3-BF4B-00C04F79EFBC}") = "Watr.Exchange.Security.Blazor", "Watr.Exchange.Security.Blazor\Watr.Exchange.Security.Blazor.csproj", "{1B5DDCF9-943F-42F0-BBA0-FF2E1EE7A42B}"
EndProject
Project("{FAE04EC0-301F-11D3-BF4B-00C04F79EFBC}") = "Watr.Exchange.Mapping.Core", "Watr.Exchange.Mapping.Core\Watr.Exchange.Mapping.Core.csproj", "{5FAA663F-73B1-4680-913F-4343FF168679}"
EndProject
Project("{FAE04EC0-301F-11D3-BF4B-00C04F79EFBC}") = "Watr.Exchange.Business.Mappings.Test", "Watr.Exchange.Business.Mappings.Test\Watr.Exchange.Business.Mappings.Test.csproj", "{B2A0BE19-AB61-4F01-9E64-23DB2D7670C0}"
EndProject
Global
	GlobalSection(SolutionConfigurationPlatforms) = preSolution
		Debug|Any CPU = Debug|Any CPU
		Release|Any CPU = Release|Any CPU
	EndGlobalSection
	GlobalSection(ProjectConfigurationPlatforms) = postSolution
		{BA682DA1-9785-404D-8F1E-6C58D6912883}.Debug|Any CPU.ActiveCfg = Debug|Any CPU
		{BA682DA1-9785-404D-8F1E-6C58D6912883}.Debug|Any CPU.Build.0 = Debug|Any CPU
		{BA682DA1-9785-404D-8F1E-6C58D6912883}.Release|Any CPU.ActiveCfg = Release|Any CPU
		{BA682DA1-9785-404D-8F1E-6C58D6912883}.Release|Any CPU.Build.0 = Release|Any CPU
		{DB390FC7-19E7-472D-93D7-3D254CFD2743}.Debug|Any CPU.ActiveCfg = Debug|Any CPU
		{DB390FC7-19E7-472D-93D7-3D254CFD2743}.Debug|Any CPU.Build.0 = Debug|Any CPU
		{DB390FC7-19E7-472D-93D7-3D254CFD2743}.Release|Any CPU.ActiveCfg = Release|Any CPU
		{DB390FC7-19E7-472D-93D7-3D254CFD2743}.Release|Any CPU.Build.0 = Release|Any CPU
		{46DF3627-7852-4318-9731-CC379CDDF918}.Debug|Any CPU.ActiveCfg = Debug|Any CPU
		{46DF3627-7852-4318-9731-CC379CDDF918}.Debug|Any CPU.Build.0 = Debug|Any CPU
		{46DF3627-7852-4318-9731-CC379CDDF918}.Release|Any CPU.ActiveCfg = Release|Any CPU
		{46DF3627-7852-4318-9731-CC379CDDF918}.Release|Any CPU.Build.0 = Release|Any CPU
		{DD8E2F46-8105-4381-BA29-413800C6F115}.Debug|Any CPU.ActiveCfg = Debug|Any CPU
		{DD8E2F46-8105-4381-BA29-413800C6F115}.Debug|Any CPU.Build.0 = Debug|Any CPU
		{DD8E2F46-8105-4381-BA29-413800C6F115}.Release|Any CPU.ActiveCfg = Release|Any CPU
		{DD8E2F46-8105-4381-BA29-413800C6F115}.Release|Any CPU.Build.0 = Release|Any CPU
		{00B9D3A3-AEA2-4C23-8211-0BAA13612C7E}.Debug|Any CPU.ActiveCfg = Debug|Any CPU
		{00B9D3A3-AEA2-4C23-8211-0BAA13612C7E}.Debug|Any CPU.Build.0 = Debug|Any CPU
		{00B9D3A3-AEA2-4C23-8211-0BAA13612C7E}.Release|Any CPU.ActiveCfg = Release|Any CPU
		{00B9D3A3-AEA2-4C23-8211-0BAA13612C7E}.Release|Any CPU.Build.0 = Release|Any CPU
		{55378266-1BEC-4D8D-A96C-FC4CA9474638}.Debug|Any CPU.ActiveCfg = Debug|Any CPU
		{55378266-1BEC-4D8D-A96C-FC4CA9474638}.Debug|Any CPU.Build.0 = Debug|Any CPU
		{55378266-1BEC-4D8D-A96C-FC4CA9474638}.Release|Any CPU.ActiveCfg = Release|Any CPU
		{55378266-1BEC-4D8D-A96C-FC4CA9474638}.Release|Any CPU.Build.0 = Release|Any CPU
		{3191D9C1-3E2B-42F4-B345-EFA4AA687A66}.Debug|Any CPU.ActiveCfg = Debug|Any CPU
		{3191D9C1-3E2B-42F4-B345-EFA4AA687A66}.Debug|Any CPU.Build.0 = Debug|Any CPU
		{3191D9C1-3E2B-42F4-B345-EFA4AA687A66}.Release|Any CPU.ActiveCfg = Release|Any CPU
		{3191D9C1-3E2B-42F4-B345-EFA4AA687A66}.Release|Any CPU.Build.0 = Release|Any CPU
		{C555EC28-02D9-449C-B8E7-F140CF20230F}.Debug|Any CPU.ActiveCfg = Debug|Any CPU
		{C555EC28-02D9-449C-B8E7-F140CF20230F}.Debug|Any CPU.Build.0 = Debug|Any CPU
		{C555EC28-02D9-449C-B8E7-F140CF20230F}.Release|Any CPU.ActiveCfg = Release|Any CPU
		{C555EC28-02D9-449C-B8E7-F140CF20230F}.Release|Any CPU.Build.0 = Release|Any CPU
		{1DEFE97E-F58F-4F17-97A1-05513ADCB70D}.Debug|Any CPU.ActiveCfg = Debug|Any CPU
		{1DEFE97E-F58F-4F17-97A1-05513ADCB70D}.Debug|Any CPU.Build.0 = Debug|Any CPU
		{1DEFE97E-F58F-4F17-97A1-05513ADCB70D}.Release|Any CPU.ActiveCfg = Release|Any CPU
		{1DEFE97E-F58F-4F17-97A1-05513ADCB70D}.Release|Any CPU.Build.0 = Release|Any CPU
		{3A8A078B-E8C6-437E-B641-B47AF9B3A8B1}.Debug|Any CPU.ActiveCfg = Debug|Any CPU
		{3A8A078B-E8C6-437E-B641-B47AF9B3A8B1}.Debug|Any CPU.Build.0 = Debug|Any CPU
		{3A8A078B-E8C6-437E-B641-B47AF9B3A8B1}.Release|Any CPU.ActiveCfg = Release|Any CPU
		{3A8A078B-E8C6-437E-B641-B47AF9B3A8B1}.Release|Any CPU.Build.0 = Release|Any CPU
		{BE965737-8B99-485E-AD3B-300450349E09}.Debug|Any CPU.ActiveCfg = Debug|Any CPU
		{BE965737-8B99-485E-AD3B-300450349E09}.Debug|Any CPU.Build.0 = Debug|Any CPU
		{BE965737-8B99-485E-AD3B-300450349E09}.Release|Any CPU.ActiveCfg = Release|Any CPU
		{BE965737-8B99-485E-AD3B-300450349E09}.Release|Any CPU.Build.0 = Release|Any CPU
		{1694B96E-B52C-4DE3-8E2A-84C1AF7BA74D}.Debug|Any CPU.ActiveCfg = Debug|Any CPU
		{1694B96E-B52C-4DE3-8E2A-84C1AF7BA74D}.Debug|Any CPU.Build.0 = Debug|Any CPU
		{1694B96E-B52C-4DE3-8E2A-84C1AF7BA74D}.Release|Any CPU.ActiveCfg = Release|Any CPU
		{1694B96E-B52C-4DE3-8E2A-84C1AF7BA74D}.Release|Any CPU.Build.0 = Release|Any CPU
		{99CAA1E2-CC36-4ADB-AA1B-09BE7C2F4671}.Debug|Any CPU.ActiveCfg = Debug|Any CPU
		{99CAA1E2-CC36-4ADB-AA1B-09BE7C2F4671}.Debug|Any CPU.Build.0 = Debug|Any CPU
		{99CAA1E2-CC36-4ADB-AA1B-09BE7C2F4671}.Release|Any CPU.ActiveCfg = Release|Any CPU
		{99CAA1E2-CC36-4ADB-AA1B-09BE7C2F4671}.Release|Any CPU.Build.0 = Release|Any CPU
		{2D81D701-8865-4BDB-8145-8FDEA8518E9E}.Debug|Any CPU.ActiveCfg = Debug|Any CPU
		{2D81D701-8865-4BDB-8145-8FDEA8518E9E}.Debug|Any CPU.Build.0 = Debug|Any CPU
		{2D81D701-8865-4BDB-8145-8FDEA8518E9E}.Debug|Any CPU.Deploy.0 = Debug|Any CPU
		{2D81D701-8865-4BDB-8145-8FDEA8518E9E}.Release|Any CPU.ActiveCfg = Release|Any CPU
		{2D81D701-8865-4BDB-8145-8FDEA8518E9E}.Release|Any CPU.Build.0 = Release|Any CPU
		{C7BA6C23-BC26-4169-ABBB-53CA5A19C3DE}.Debug|Any CPU.ActiveCfg = Debug|Any CPU
		{C7BA6C23-BC26-4169-ABBB-53CA5A19C3DE}.Debug|Any CPU.Build.0 = Debug|Any CPU
		{C7BA6C23-BC26-4169-ABBB-53CA5A19C3DE}.Release|Any CPU.ActiveCfg = Release|Any CPU
		{C7BA6C23-BC26-4169-ABBB-53CA5A19C3DE}.Release|Any CPU.Build.0 = Release|Any CPU
		{D58D4047-3F32-44D4-AB04-9DBEF1436AD7}.Debug|Any CPU.ActiveCfg = Debug|Any CPU
		{D58D4047-3F32-44D4-AB04-9DBEF1436AD7}.Debug|Any CPU.Build.0 = Debug|Any CPU
		{D58D4047-3F32-44D4-AB04-9DBEF1436AD7}.Release|Any CPU.ActiveCfg = Release|Any CPU
		{D58D4047-3F32-44D4-AB04-9DBEF1436AD7}.Release|Any CPU.Build.0 = Release|Any CPU
		{1B5DDCF9-943F-42F0-BBA0-FF2E1EE7A42B}.Debug|Any CPU.ActiveCfg = Debug|Any CPU
		{1B5DDCF9-943F-42F0-BBA0-FF2E1EE7A42B}.Debug|Any CPU.Build.0 = Debug|Any CPU
		{1B5DDCF9-943F-42F0-BBA0-FF2E1EE7A42B}.Release|Any CPU.ActiveCfg = Release|Any CPU
		{1B5DDCF9-943F-42F0-BBA0-FF2E1EE7A42B}.Release|Any CPU.Build.0 = Release|Any CPU
		{5FAA663F-73B1-4680-913F-4343FF168679}.Debug|Any CPU.ActiveCfg = Debug|Any CPU
		{5FAA663F-73B1-4680-913F-4343FF168679}.Debug|Any CPU.Build.0 = Debug|Any CPU
		{5FAA663F-73B1-4680-913F-4343FF168679}.Release|Any CPU.ActiveCfg = Release|Any CPU
		{5FAA663F-73B1-4680-913F-4343FF168679}.Release|Any CPU.Build.0 = Release|Any CPU
		{B2A0BE19-AB61-4F01-9E64-23DB2D7670C0}.Debug|Any CPU.ActiveCfg = Debug|Any CPU
		{B2A0BE19-AB61-4F01-9E64-23DB2D7670C0}.Debug|Any CPU.Build.0 = Debug|Any CPU
		{B2A0BE19-AB61-4F01-9E64-23DB2D7670C0}.Release|Any CPU.ActiveCfg = Release|Any CPU
		{B2A0BE19-AB61-4F01-9E64-23DB2D7670C0}.Release|Any CPU.Build.0 = Release|Any CPU
	EndGlobalSection
	GlobalSection(SolutionProperties) = preSolution
		HideSolutionNode = FALSE
	EndGlobalSection
	GlobalSection(NestedProjects) = preSolution
		{BA682DA1-9785-404D-8F1E-6C58D6912883} = {02EA681E-C7D8-13C7-8484-4AC65E1B71E8}
		{DB390FC7-19E7-472D-93D7-3D254CFD2743} = {65D498EF-B39A-4D20-BED5-335FA8C1A668}
		{46DF3627-7852-4318-9731-CC379CDDF918} = {C912B4DD-77B6-4C03-B1FF-AF1125548C0A}
		{DD8E2F46-8105-4381-BA29-413800C6F115} = {E69D0281-DEFA-4DE1-B955-7325A6574636}
		{00B9D3A3-AEA2-4C23-8211-0BAA13612C7E} = {65D498EF-B39A-4D20-BED5-335FA8C1A668}
		{55378266-1BEC-4D8D-A96C-FC4CA9474638} = {C912B4DD-77B6-4C03-B1FF-AF1125548C0A}
		{3191D9C1-3E2B-42F4-B345-EFA4AA687A66} = {E69D0281-DEFA-4DE1-B955-7325A6574636}
		{C912B4DD-77B6-4C03-B1FF-AF1125548C0A} = {65D498EF-B39A-4D20-BED5-335FA8C1A668}
		{E69D0281-DEFA-4DE1-B955-7325A6574636} = {65D498EF-B39A-4D20-BED5-335FA8C1A668}
		{C555EC28-02D9-449C-B8E7-F140CF20230F} = {AABE964A-A2B2-487E-93F8-3DCFCBAF0AC3}
		{1DEFE97E-F58F-4F17-97A1-05513ADCB70D} = {AABE964A-A2B2-487E-93F8-3DCFCBAF0AC3}
		{3A8A078B-E8C6-437E-B641-B47AF9B3A8B1} = {4D88A923-2924-4181-9819-BD1C00B2276B}
		{BE965737-8B99-485E-AD3B-300450349E09} = {5F8A00FF-1D78-4A54-8942-59C2B6A3CBC9}
		{1694B96E-B52C-4DE3-8E2A-84C1AF7BA74D} = {FA018DE0-7E23-40B0-BE58-57D4BC897188}
		{99CAA1E2-CC36-4ADB-AA1B-09BE7C2F4671} = {AABE964A-A2B2-487E-93F8-3DCFCBAF0AC3}
		{2D81D701-8865-4BDB-8145-8FDEA8518E9E} = {FA018DE0-7E23-40B0-BE58-57D4BC897188}
		{C7BA6C23-BC26-4169-ABBB-53CA5A19C3DE} = {1E2A86F6-E651-406F-8001-1F78C32DB406}
		{D58D4047-3F32-44D4-AB04-9DBEF1436AD7} = {1E2A86F6-E651-406F-8001-1F78C32DB406}
		{1B5DDCF9-943F-42F0-BBA0-FF2E1EE7A42B} = {1E2A86F6-E651-406F-8001-1F78C32DB406}
		{5FAA663F-73B1-4680-913F-4343FF168679} = {AABE964A-A2B2-487E-93F8-3DCFCBAF0AC3}
		{B2A0BE19-AB61-4F01-9E64-23DB2D7670C0} = {AABE964A-A2B2-487E-93F8-3DCFCBAF0AC3}
	EndGlobalSection
	GlobalSection(ExtensibilityGlobals) = postSolution
		SolutionGuid = {F71BDA19-5EB3-4CBA-9AFA-22B0C8E02C52}
	EndGlobalSection
EndGlobal
